{
  "name": "solfx-workspace",
  "lockfileVersion": 3,
  "requires": true,
  "packages": {
    "": {
      "name": "solfx-workspace",
      "devDependencies": {
        "@codama/nodes-from-anchor": "^1.3.0",
        "@codama/renderers-js": "^1.3.0",
        "codama": "^1.6.0"
      }
    },
    "node_modules/@codama/cli": {
      "version": "1.6.2",
      "resolved": "https://registry.npmjs.org/@codama/cli/-/cli-1.6.2.tgz",
      "integrity": "sha512-UFrWJxtELsPHOoG8soVuUqv/nSSUebLccaN3WQ43+5J7pFBetscEUsoy20lzV2gxYEfvYf6JqyuIUXGDmtnj9g==",
      "dev": true,
      "license": "MIT",
      "dependencies": {
        "@codama/nodes": "1.10.2",
        "@codama/visitors": "1.10.2",
        "@codama/visitors-core": "1.10.2",
        "commander": "^15.0.0",
        "picocolors": "^1.1.1",
        "prompts": "^2.4.2"
      },
      "bin": {
        "codama": "bin/cli.cjs"
      }
    },
    "node_modules/@codama/errors": {
      "version": "1.10.2",
      "resolved": "https://registry.npmjs.org/@codama/errors/-/errors-1.10.2.tgz",
      "integrity": "sha512-relp9Inq9QkhZ0JUklKujSFWLkVfQSsn2/ms303vsGVWlFBXQmoEsmZCVKgJ7k5APNBbsD8Hc9GGU4J+P05SLA==",
      "dev": true,
      "license": "MIT",
      "dependencies": {
        "@codama/node-types": "1.10.2",
        "commander": "^15.0.0",
        "picocolors": "^1.1.1"
      },
      "bin": {
        "errors": "bin/cli.cjs"
      }
    },
    "node_modules/@codama/fragments": {
      "version": "0.1.5",
      "resolved": "https://registry.npmjs.org/@codama/fragments/-/fragments-0.1.5.tgz",
      "integrity": "sha512-aisr+cdayABykLhysE1pcDWMJJZNAAWyi5NEzkMLpyTmQrhIK6Mca14gSJIw3a0uo3E5s5Zc4d6gsxRjfYpLuw==",
      "dev": true,
      "license": "MIT",
      "dependencies": {
        "@codama/errors": "1.10.2"
      }
    },
    "node_modules/@codama/node-types": {
      "version": "1.10.2",
      "resolved": "https://registry.npmjs.org/@codama/node-types/-/node-types-1.10.2.tgz",
      "integrity": "sha512-qFHqpuCmAoJy9ggkLadtug2Nlmnai6LrEmr+sfsK6dEJVOFGMNBR4dxwheziOu/Sn9oWGfnFfKbzQIdWE0qHHg==",
      "dev": true,
      "license": "MIT"
    },
    "node_modules/@codama/nodes": {
      "version": "1.10.2",
      "resolved": "https://registry.npmjs.org/@codama/nodes/-/nodes-1.10.2.tgz",
      "integrity": "sha512-wR2LKg6/GQ+ctgOiH9XPVb7ktq+gu7X/WEiCk45d4L1+P/JJh2kJeS/sMbktrgJNimcoO2G1Ms3+eUDjrwfo5g==",
      "dev": true,
      "license": "MIT",
      "dependencies": {
        "@codama/errors": "1.10.2",
        "@codama/node-types": "1.10.2"
      }
    },
    "node_modules/@codama/nodes-from-anchor": {
      "version": "1.5.5",
      "resolved": "https://registry.npmjs.org/@codama/nodes-from-anchor/-/nodes-from-anchor-1.5.5.tgz",
      "integrity": "sha512-+HQUKzQpSh8EHm+fwxXVTvhPI46yTm1HzLvRJK1mkTJ1w4bymknhyWsLn1NRVDcAIixPZLsvLKujJTn+8IcoZg==",
      "dev": true,
      "license": "MIT",
      "dependencies": {
        "@codama/errors": "1.10.2",
        "@codama/nodes": "1.10.2",
        "@codama/visitors": "1.10.2",
        "@noble/hashes": "^2.3.0",
        "@solana/codecs": "^7.1.0"
      }
    },
    "node_modules/@codama/renderers-core": {
      "version": "1.4.0",
      "resolved": "https://registry.npmjs.org/@codama/renderers-core/-/renderers-core-1.4.0.tgz",
      "integrity": "sha512-JkqKWaN5nKampHgJ3jWh7u6kNPrwp7DB/lpkyS1hpL6NiC45tZGie6foaq8TnSTpaVPtVsL8Q46AP1MZpongpg==",
      "dev": true,
      "license": "MIT",
      "dependencies": {
        "@codama/errors": "1.10.2",
        "@codama/fragments": "0.1.5",
        "@codama/nodes": "1.10.2",
        "@codama/visitors-core": "1.10.2"
      }
    },
    "node_modules/@codama/renderers-js": {
      "version": "1.7.1",
      "resolved": "https://registry.npmjs.org/@codama/renderers-js/-/renderers-js-1.7.1.tgz",
      "integrity": "sha512-B/PVFKr8ZZ+wy81PP402nU5XJqgPHq0UGNZ99bZ6kZ71Pxu3aLkc4YpqPBNi6aaHv+329vQRvLuu0d7iMoW+qQ==",
      "dev": true,
      "license": "MIT",
      "dependencies": {
        "@codama/errors": "^1.10.0",
        "@codama/nodes": "^1.10.0",
        "@codama/renderers-core": "^1.3.11",
        "@codama/visitors-core": "^1.10.0",
        "@solana/codecs-strings": "^6.0.0",
        "prettier": "^3.8.1",
        "semver": "^7.7.3"
      },
      "engines": {
        "node": ">=20.18.0"
      }
    },
    "node_modules/@codama/validators": {
      "version": "1.10.2",
      "resolved": "https://registry.npmjs.org/@codama/validators/-/validators-1.10.2.tgz",
      "integrity": "sha512-Ppf8qcbBMclncrTLZU/bxi2Y5Gf9cTg1SybHTIDankOholgRWzf8wdZ40Vc/BaphY223pHOUBXiEmwZ6eTRX7A==",
      "dev": true,
      "license": "MIT",
      "dependencies": {
        "@codama/errors": "1.10.2",
        "@codama/nodes": "1.10.2",
        "@codama/visitors-core": "1.10.2"
      }
    },
    "node_modules/@codama/visitors": {
      "version": "1.10.2",
      "resolved": "https://registry.npmjs.org/@codama/visitors/-/visitors-1.10.2.tgz",
      "integrity": "sha512-DUkpq9TEuevg4mEOW9fyBJiYHGzj6ByNtgVAyLRWcUEz6Mz3Qn8+lRDpqqVyuzRbAdurf9bWsO8ln+zswPP4hg==",
      "dev": true,
      "license": "MIT",
      "dependencies": {
        "@codama/errors": "1.10.2",
        "@codama/nodes": "1.10.2",
        "@codama/visitors-core": "1.10.2"
      }
    },
    "node_modules/@codama/visitors-core": {
      "version": "1.10.2",
      "resolved": "https://registry.npmjs.org/@codama/visitors-core/-/visitors-core-1.10.2.tgz",
      "integrity": "sha512-hxoISIWUUiu9Ma97OxsXl3Db5qvYmqUm9JVCf6MCb/+uE5nd4U/jZuTIKQFLulitiGRWhQr8IJI16YgO79Nuyw==",
      "dev": true,
      "license": "MIT",
      "dependencies": {
        "@codama/errors": "1.10.2",
        "@codama/nodes": "1.10.2",
        "json-stable-stringify": "^1.3.0"
      }
    },
    "node_modules/@noble/hashes": {
      "version": "2.4.0",
      "resolved": "https://registry.npmjs.org/@noble/hashes/-/hashes-2.4.0.tgz",
      "integrity": "sha512-X5XaVWZIBCT7HHZGm5I7ZQXDwLG+bGXuSrMQAW+7Zvl87h1kmc1ZB1VSRJcpUfoUrGQp4Fkoxm5kZ+Ms+aW+eA==",
      "dev": true,
      "license": "MIT",
      "engines": {
        "node": ">= 20.19.0"
      },
      "funding": {
        "url": "https://paulmillr.com/funding/"
      }
    },
    "node_modules/@solana/codecs": {
      "version": "7.1.1",
      "resolved": "https://registry.npmjs.org/@solana/codecs/-/codecs-7.1.1.tgz",
      "integrity": "sha512-1ZErMXzbbz7+jusem58dMO1haVWNlvFYKftc2dPhFu9MqlmZRfPS06GiZDjlLnD/6PHHBy7OKFMASoYw+fBAKg==",
      "dev": true,
      "license": "MIT",
      "dependencies": {
        "@solana/codecs-core": "7.1.1",
        "@solana/codecs-data-structures": "7.1.1",
        "@solana/codecs-numbers": "7.1.1",
        "@solana/codecs-strings": "7.1.1",
        "@solana/fixed-points": "7.1.1",
        "@solana/options": "7.1.1"
      },
      "engines": {
        "node": ">=20.18.0"
      },
      "peerDependencies": {
        "typescript": ">=5.4.0"
      },
      "peerDependenciesMeta": {
        "typescript": {
          "optional": true
        }
      }
    },
    "node_modules/@solana/codecs-core": {
      "version": "7.1.1",
      "resolved": "https://registry.npmjs.org/@solana/codecs-core/-/codecs-core-7.1.1.tgz",
      "integrity": "sha512-C1UOAQ7LH8RuCTfaij6hthTZeBlpp8GuD2g9Nag/xgiNKJGvAfVrcorb+kO/sufdYI8Lu+BiVvPeKOjQDQiKqg==",
      "dev": true,
      "license": "MIT",
      "dependencies": {
        "@solana/errors": "7.1.1"
      },
      "engines": {
        "node": ">=20.18.0"
      },
      "peerDependencies": {
        "typescript": ">=5.4.0"
      },
      "peerDependenciesMeta": {
        "typescript": {
          "optional": true
        }
      }
    },
    "node_modules/@solana/codecs-data-structures": {
      "version": "7.1.1",
      "resolved": "https://registry.npmjs.org/@solana/codecs-data-structures/-/codecs-data-structures-7.1.1.tgz",
      "integrity": "sha512-MO+wMAuaatAQ96N3HhTsd7Uno+79rJw88P+OiU2n+pHK/rZuyu1yB2j12veqK4jUNWPR0aOyCuZ4rB2idrDjpg==",
      "dev": true,
      "license": "MIT",
      "dependencies": {
        "@solana/codecs-core": "7.1.1",
        "@solana/codecs-numbers": "7.1.1",
        "@solana/errors": "7.1.1"
      },
      "engines": {
        "node": ">=20.18.0"
      },
      "peerDependencies": {
        "typescript": ">=5.4.0"
      },
      "peerDependenciesMeta": {
        "typescript": {
          "optional": true
        }
      }
    },
    "node_modules/@solana/codecs-numbers": {
      "version": "7.1.1",
      "resolved": "https://registry.npmjs.org/@solana/codecs-numbers/-/codecs-numbers-7.1.1.tgz",
      "integrity": "sha512-TWWrQq6Wp5Yf5bSc6RbxDDYCRUBBmRtRgjvUMHGp0P9K+4uFwxllRjSZFzBPHgXj3UTeZmFJdcoD271QhAgibg==",
      "dev": true,
      "license": "MIT",
      "dependencies": {
        "@solana/codecs-core": "7.1.1",
        "@solana/errors": "7.1.1"
      },
      "engines": {
        "node": ">=20.18.0"
      },
      "peerDependencies": {
        "typescript": ">=5.4.0"
      },
      "peerDependenciesMeta": {
        "typescript": {
          "optional": true
        }
      }
    },
    "node_modules/@solana/codecs-strings": {
      "version": "6.10.0",
      "resolved": "https://registry.npmjs.org/@solana/codecs-strings/-/codecs-strings-6.10.0.tgz",
      "integrity": "sha512-zlaqkg7K6F6IN4V/Ec8TWkTn054gxv7ZLagvGkuEyAdPQ6BzzsehOm2TqCuyXgJJTCGPLY1bEk6yH9NxANe0kA==",
      "dev": true,
      "license": "MIT",
      "dependencies": {
        "@solana/codecs-core": "6.10.0",
        "@solana/codecs-numbers": "6.10.0",
        "@solana/errors": "6.10.0"
      },
      "engines": {
        "node": ">=20.18.0"
      },
      "peerDependencies": {
        "fastestsmallesttextencoderdecoder": "^1.0.22",
        "typescript": ">=5.4.0"
      },
      "peerDependenciesMeta": {
        "fastestsmallesttextencoderdecoder": {
          "optional": true
        },
        "typescript": {
          "optional": true
        }
      }
    },
    "node_modules/@solana/codecs-strings/node_modules/@solana/codecs-core": {
      "version": "6.10.0",
      "resolved": "https://registry.npmjs.org/@solana/codecs-core/-/codecs-core-6.10.0.tgz",
      "integrity": "sha512-nfAl9OMGo4HanIMxGsQoVB7BxMoqBCYEUxl8oEAZZ09pDxnaXQZkTRXEwPPccag37XfW1ciPd1vWPKwB2b0HHQ==",
      "dev": true,
      "license": "MIT",
      "dependencies": {
        "@solana/errors": "6.10.0"
      },
      "engines": {
        "node": ">=20.18.0"
      },
      "peerDependencies": {
        "typescript": ">=5.4.0"
      },
      "peerDependenciesMeta": {
        "typescript": {
          "optional": true
        }
      }
    },
    "node_modules/@solana/codecs-strings/node_modules/@solana/codecs-numbers": {
      "version": "6.10.0",
      "resolved": "https://registry.npmjs.org/@solana/codecs-numbers/-/codecs-numbers-6.10.0.tgz",
      "integrity": "sha512-CcM+wX4zOiA9zkh8A7t1787A0Ehgmu5+6Z2tKoHew6cNw/dkaUTPa8JnNHbvfsLC8dfHC1BhAEJl86sKmRsfkQ==",
      "dev": true,
      "license": "MIT",
      "dependencies": {
        "@solana/codecs-core": "6.10.0",
        "@solana/errors": "6.10.0"
      },
      "engines": {
        "node": ">=20.18.0"
      },
      "peerDependencies": {
        "typescript": ">=5.4.0"
      },
      "peerDependenciesMeta": {
        "typescript": {
          "optional": true
        }
      }
    },
    "node_modules/@solana/codecs-strings/node_modules/@solana/errors": {
      "version": "6.10.0",
      "resolved": "https://registry.npmjs.org/@solana/errors/-/errors-6.10.0.tgz",
      "integrity": "sha512-KBLAxCtAXr357JNhCyIDQXWbuSj5vN6w+28FSfcYY6OOSiphmXLAV3V58jgV0C6iNbIzFJFi6yatFyDTdeJsNg==",
      "dev": true,
      "license": "MIT",
      "dependencies": {
        "chalk": "5.6.2",
        "commander": "15.0.0"
      },
      "bin": {
        "errors": "bin/cli.mjs"
      },
      "engines": {
        "node": ">=20.18.0"
      },
      "peerDependencies": {
        "typescript": ">=5.4.0"
      },
      "peerDependenciesMeta": {
        "typescript": {
          "optional": true
        }
      }
    },
    "node_modules/@solana/codecs/node_modules/@solana/codecs-strings": {
      "version": "7.1.1",
      "resolved": "https://registry.npmjs.org/@solana/codecs-strings/-/codecs-strings-7.1.1.tgz",
      "integrity": "sha512-6qWl+atG60D2LmP47GyGapQFhVsG1sVhVrEaM3lV09vwrGOMeOZARZ4ObaQ5m6uQmM04G+f8dY9d17nCMbGHGg==",
      "dev": true,
      "license": "MIT",
      "dependencies": {
        "@solana/codecs-core": "7.1.1",
        "@solana/codecs-numbers": "7.1.1",
        "@solana/errors": "7.1.1"
      },
      "engines": {
        "node": ">=20.18.0"
      },
      "peerDependencies": {
        "fastestsmallesttextencoderdecoder": "^1.0.22",
        "typescript": ">=5.4.0"
      },
      "peerDependenciesMeta": {
        "fastestsmallesttextencoderdecoder": {
          "optional": true
        },
        "typescript": {
          "optional": true
        }
      }
    },
    "node_modules/@solana/errors": {
      "version": "7.1.1",
      "resolved": "https://registry.npmjs.org/@solana/errors/-/errors-7.1.1.tgz",
      "integrity": "sha512-q35qck8rBnNvJlPU00mnHEQm7gWvghzYz8khqVoLhjgodTzGp46VqnIOyI1LXOAF6XDal58bMNDO980MQgq8yw==",
      "dev": true,
      "license": "MIT",
      "dependencies": {
        "chalk": "5.6.2",
        "commander": "15.0.0"
      },
      "bin": {
        "errors": "bin/cli.mjs"
      },
      "engines": {
        "node": ">=20.18.0"
      },
      "peerDependencies": {
        "typescript": ">=5.4.0"
      },
      "peerDependenciesMeta": {
        "typescript": {
          "optional": true
        }
      }
    },
    "node_modules/@solana/fixed-points": {
      "version": "7.1.1",
      "resolved": "https://registry.npmjs.org/@solana/fixed-points/-/fixed-points-7.1.1.tgz",
      "integrity": "sha512-qPj/V7kcFG/P0kuEa1U529+5L6mbkMwRIwvYBTDgBqPOt6wOdk9/c7Qn2VUQgSV0HgCXWxdHUdwaxBrYqO2ibg==",
      "dev": true,
      "license": "MIT",
      "dependencies": {
        "@solana/codecs-core": "7.1.1",
        "@solana/errors": "7.1.1"
      },
      "engines": {
        "node": ">=20.18.0"
      },
      "peerDependencies": {
        "typescript": ">=5.4.0"
      },
      "peerDependenciesMeta": {
        "typescript": {
          "optional": true
        }
      }
    },
    "node_modules/@solana/options": {
      "version": "7.1.1",
      "resolved": "https://registry.npmjs.org/@solana/options/-/options-7.1.1.tgz",
      "integrity": "sha512-iuPpfMbnRFjC4IoAIpKNA9UpizomxjW0E3F1LxUYQHXm1vCoF78kThp4qqgx2V3DmDFbhXGtXGSJPwmDdpLoBg==",
      "dev": true,
      "license": "MIT",
      "dependencies": {
        "@solana/codecs-core": "7.1.1",
        "@solana/codecs-data-structures": "7.1.1",
        "@solana/codecs-numbers": "7.1.1",
        "@solana/codecs-strings": "7.1.1",
        "@solana/errors": "7.1.1"
      },
      "engines": {
        "node": ">=20.18.0"
      },
      "peerDependencies": {
        "typescript": ">=5.4.0"
      },
      "peerDependenciesMeta": {
        "typescript": {
          "optional": true
        }
      }
    },
    "node_modules/@solana/options/node_modules/@solana/codecs-strings": {
      "version": "7.1.1",
      "resolved": "https://registry.npmjs.org/@solana/codecs-strings/-/codecs-strings-7.1.1.tgz",
      "integrity": "sha512-6qWl+atG60D2LmP47GyGapQFhVsG1sVhVrEaM3lV09vwrGOMeOZARZ4ObaQ5m6uQmM04G+f8dY9d17nCMbGHGg==",
      "dev": true,
      "license": "MIT",
      "dependencies": {
        "@solana/codecs-core": "7.1.1",
        "@solana/codecs-numbers": "7.1.1",
        "@solana/errors": "7.1.1"
      },
      "engines": {
        "node": ">=20.18.0"
      },
      "peerDependencies": {
        "fastestsmallesttextencoderdecoder": "^1.0.22",
        "typescript": ">=5.4.0"
      },
      "peerDependenciesMeta": {
        "fastestsmallesttextencoderdecoder": {
          "optional": true
        },
        "typescript": {
          "optional": true
        }
      }
    },
    "node_modules/call-bind": {
      "version": "1.0.9",
      "resolved": "https://registry.npmjs.org/call-bind/-/call-bind-1.0.9.tgz",
      "integrity": "sha512-a/hy+pNsFUTR+Iz8TCJvXudKVLAnz/DyeSUo10I5yvFDQJBFU2s9uqQpoSrJlroHUKoKqzg+epxyP9lqFdzfBQ==",
      "dev": true,
      "license": "MIT",
      "dependencies": {
        "call-bind-apply-helpers": "^1.0.2",
        "es-define-property": "^1.0.1",
        "get-intrinsic": "^1.3.0",
        "set-function-length": "^1.2.2"
      },
      "engines": {
        "node": ">= 0.4"
      },
      "funding": {
        "url": "https://github.com/sponsors/ljharb"
      }
    },
    "node_modules/call-bind-apply-helpers": {
      "version": "1.0.2",
      "resolved": "https://registry.npmjs.org/call-bind-apply-helpers/-/call-bind-apply-helpers-1.0.2.tgz",
      "integrity": "sha512-Sp1ablJ0ivDkSzjcaJdxEunN5/XvksFJ2sMBFfq6x0ryhQV/2b/KwFe21cMpmHtPOSij8K99/wSfoEuTObmuMQ==",
      "dev": true,
      "license": "MIT",
      "dependencies": {
        "es-errors": "^1.3.0",
        "function-bind": "^1.1.2"
      },
      "engines": {
        "node": ">= 0.4"
      }
    },
    "node_modules/call-bound": {
      "version": "1.0.4",
      "resolved": "https://registry.npmjs.org/call-bound/-/call-bound-1.0.4.tgz",
      "integrity": "sha512-+ys997U96po4Kx/ABpBCqhA9EuxJaQWDQg7295H4hBphv3IZg0boBKuwYpt4YXp6MZ5AmZQnU/tyMTlRpaSejg==",
      "dev": true,
      "license": "MIT",
      "dependencies": {
        "call-bind-apply-helpers": "^1.0.2",
        "get-intrinsic": "^1.3.0"
      },
      "engines": {
        "node": ">= 0.4"
      },
      "funding": {
        "url": "https://github.com/sponsors/ljharb"
      }
    },
    "node_modules/chalk": {
      "version": "5.6.2",
      "resolved": "https://registry.npmjs.org/chalk/-/chalk-5.6.2.tgz",
      "integrity": "sha512-7NzBL0rN6fMUW+f7A6Io4h40qQlG+xGmtMxfbnH/K7TAtt8JQWVQK+6g0UXKMeVJoyV5EkkNsErQ8pVD3bLHbA==",
      "dev": true,
      "license": "MIT",
      "engines": {
        "node": "^12.17.0 || ^14.13 || >=16.0.0"
      },
      "funding": {
        "url": "https://github.com/chalk/chalk?sponsor=1"
      }
    },
    "node_modules/codama": {
      "version": "1.10.2",
      "resolved": "https://registry.npmjs.org/codama/-/codama-1.10.2.tgz",
      "integrity": "sha512-fm6bFmgTrd6wPJ8o758wVVCYSEmEOU7Ctvlm8TxZoyPG0DlRS94AqnG3yC0HODXfGMAbai6pCxe9D04n3yl5AQ==",
      "dev": true,
      "license": "MIT",
      "dependencies": {
        "@codama/cli": "1.6.2",
        "@codama/errors": "1.10.2",
        "@codama/nodes": "1.10.2",
        "@codama/validators": "1.10.2",
        "@codama/visitors": "1.10.2"
      },
      "bin": {
        "codama": "bin/cli.cjs"
      }
    },
    "node_modules/commander": {
      "version": "15.0.0",
      "resolved": "https://registry.npmjs.org/commander/-/commander-15.0.0.tgz",
      "integrity": "sha512-z67u4ZhzCL/Tydu1lJARtEZYWbWaN7oYLHbsuzocr6y4N6WZAagG3RQ4FW61V1/0+jImpj293XfrcYnd1qxtPg==",
      "dev": true,
      "license": "MIT",
      "engines": {
        "node": ">=22.12.0"
      }
    },
    "node_modules/define-data-property": {
      "version": "1.1.4",
      "resolved": "https://registry.npmjs.org/define-data-property/-/define-data-property-1.1.4.tgz",
      "integrity": "sha512-rBMvIzlpA8v6E+SJZoo++HAYqsLrkg7MSfIinMPFhmkorw7X+dOXVJQs+QT69zGkzMyfDnIMN2Wid1+NbL3T+A==",
      "dev": true,
      "license": "MIT",
      "dependencies": {
        "es-define-property": "^1.0.0",
        "es-errors": "^1.3.0",
        "gopd": "^1.0.1"
      },
      "engines": {
        "node": ">= 0.4"
      },
      "funding": {
        "url": "https://github.com/sponsors/ljharb"
      }
    },
    "node_modules/dunder-proto": {
      "version": "1.0.1",
      "resolved": "https://registry.npmjs.org/dunder-proto/-/dunder-proto-1.0.1.tgz",
      "integrity": "sha512-KIN/nDJBQRcXw0MLVhZE9iQHmG68qAVIBg9CqmUYjmQIhgij9U5MFvrqkUL5FbtyyzZuOeOt0zdeRe4UY7ct+A==",
      "dev": true,
      "license": "MIT",
      "dependencies": {
        "call-bind-apply-helpers": "^1.0.1",
        "es-errors": "^1.3.0",
        "gopd": "^1.2.0"
      },
      "engines": {
        "node": ">= 0.4"
      }
    },
    "node_modules/es-define-property": {
      "version": "1.0.1",
      "resolved": "https://registry.npmjs.org/es-define-property/-/es-define-property-1.0.1.tgz",
      "integrity": "sha512-e3nRfgfUZ4rNGL232gUgX06QNyyez04KdjFrF+LTRoOXmrOgFKDg4BCdsjW8EnT69eqdYGmRpJwiPVYNrCaW3g==",
      "dev": true,
      "license": "MIT",
      "engines": {
        "node": ">= 0.4"
      }
    },
    "node_modules/es-errors": {
      "version": "1.3.0",
      "resolved": "https://registry.npmjs.org/es-errors/-/es-errors-1.3.0.tgz",
      "integrity": "sha512-Zf5H2Kxt2xjTvbJvP2ZWLEICxA6j+hAmMzIlypy4xcBg1vKVnx89Wy0GbS+kf5cwCVFFzdCFh2XSCFNULS6csw==",
      "dev": true,
      "license": "MIT",
      "engines": {
        "node": ">= 0.4"
      }
    },
    "node_modules/es-object-atoms": {
      "version": "1.1.2",
      "resolved": "https://registry.npmjs.org/es-object-atoms/-/es-object-atoms-1.1.2.tgz",
      "integrity": "sha512-HWcBoN6NileqtSydK2FqHbS/LoDd2pqrnQHLyJzBj4kOp/ky2MWMN694xOfkK8/SnUsW2DH7EfyVlydKCsm1Zw==",
      "dev": true,
      "license": "MIT",
      "dependencies": {
        "es-errors": "^1.3.0"
      },
      "engines": {
        "node": ">= 0.4"
      }
    },
    "node_modules/function-bind": {
      "version": "1.1.2",
      "resolved": "https://registry.npmjs.org/function-bind/-/function-bind-1.1.2.tgz",
      "integrity": "sha512-7XHNxH7qX9xG5mIwxkhumTox/MIRNcOgDrxWsMt2pAr23WHp6MrRlN7FBSFpCpr+oVO0F744iUgR82nJMfG2SA==",
      "dev": true,
      "license": "MIT",
      "funding": {
        "url": "https://github.com/sponsors/ljharb"
      }
    },
    "node_modules/get-intrinsic": {
      "version": "1.3.0",
      "resolved": "https://registry.npmjs.org/get-intrinsic/-/get-intrinsic-1.3.0.tgz",
      "integrity": "sha512-9fSjSaos/fRIVIp+xSJlE6lfwhES7LNtKaCBIamHsjr2na1BiABJPo0mOjjz8GJDURarmCPGqaiVg5mfjb98CQ==",
      "dev": true,
      "license": "MIT",
      "dependencies": {
        "call-bind-apply-helpers": "^1.0.2",
        "es-define-property": "^1.0.1",
        "es-errors": "^1.3.0",
        "es-object-atoms": "^1.1.1",
        "function-bind": "^1.1.2",
        "get-proto": "^1.0.1",
        "gopd": "^1.2.0",
        "has-symbols": "^1.1.0",
        "hasown": "^2.0.2",
        "math-intrinsics": "^1.1.0"
      },
      "engines": {
        "node": ">= 0.4"
      },
      "funding": {
        "url": "https://github.com/sponsors/ljharb"
      }
    },
    "node_modules/get-proto": {
      "version": "1.0.1",
      "resolved": "https://registry.npmjs.org/get-proto/-/get-proto-1.0.1.tgz",
      "integrity": "sha512-sTSfBjoXBp89JvIKIefqw7U2CCebsc74kiY6awiGogKtoSGbgjYE/G/+l9sF3MWFPNc9IcoOC4ODfKHfxFmp0g==",
      "dev": true,
      "license": "MIT",
      "dependencies": {
        "dunder-proto": "^1.0.1",
        "es-object-atoms": "^1.0.0"
      },
      "engines": {
        "node": ">= 0.4"
      }
    },
    "node_modules/gopd": {
      "version": "1.2.0",
      "resolved": "https://registry.npmjs.org/gopd/-/gopd-1.2.0.tgz",
      "integrity": "sha512-ZUKRh6/kUFoAiTAtTYPZJ3hw9wNxx+BIBOijnlG9PnrJsCcSjs1wyyD6vJpaYtgnzDrKYRSqf3OO6Rfa93xsRg==",
      "dev": true,
      "license": "MIT",
      "engines": {
        "node": ">= 0.4"
      },
      "funding": {
        "url": "https://github.com/sponsors/ljharb"
      }
    },
    "node_modules/has-property-descriptors": {
      "version": "1.0.2",
      "resolved": "https://registry.npmjs.org/has-property-descriptors/-/has-property-descriptors-1.0.2.tgz",
      "integrity": "sha512-55JNKuIW+vq4Ke1BjOTjM2YctQIvCT7GFzHwmfZPGo5wnrgkid0YQtnAleFSqumZm4az3n2BS+erby5ipJdgrg==",
      "dev": true,
      "license": "MIT",
      "dependencies": {
        "es-define-property": "^1.0.0"
      },
      "funding": {
        "url": "https://github.com/sponsors/ljharb"
      }
    },
    "node_modules/has-symbols": {
      "version": "1.1.0",
      "resolved": "https://registry.npmjs.org/has-symbols/-/has-symbols-1.1.0.tgz",
      "integrity": "sha512-1cDNdwJ2Jaohmb3sg4OmKaMBwuC48sYni5HUw2DvsC8LjGTLK9h+eb1X6RyuOHe4hT0ULCW68iomhjUoKUqlPQ==",
      "dev": true,
      "license": "MIT",
      "engines": {
        "node": ">= 0.4"
      },
      "funding": {
        "url": "https://github.com/sponsors/ljharb"
      }
    },
    "node_modules/hasown": {
      "version": "2.0.4",
      "resolved": "https://registry.npmjs.org/hasown/-/hasown-2.0.4.tgz",
      "integrity": "sha512-T2UbfbBEF32wiepXIsMlTW9+dDYC6wMh/t/vYA4tuOMKqWz/n3vr1NFSxQiyP+zk2mXsoMA/i/7qV6LKut1t1A==",
      "dev": true,
      "license": "MIT",
      "dependencies": {
        "function-bind": "^1.1.2"
      },
      "engines": {
        "node": ">= 0.4"
      }
    },
    "node_modules/isarray": {
      "version": "2.0.5",
      "resolved": "https://registry.npmjs.org/isarray/-/isarray-2.0.5.tgz",
      "integrity": "sha512-xHjhDr3cNBK0BzdUJSPXZntQUx/mwMS5Rw4A7lPJ90XGAO6ISP/ePDNuo0vhqOZU+UD5JoodwCAAoZQd3FeAKw==",
      "dev": true,
      "license": "MIT"
    },
    "node_modules/json-stable-stringify": {
      "version": "1.3.0",
      "resolved": "https://registry.npmjs.org/json-stable-stringify/-/json-stable-stringify-1.3.0.tgz",
      "integrity": "sha512-qtYiSSFlwot9XHtF9bD9c7rwKjr+RecWT//ZnPvSmEjpV5mmPOCN4j8UjY5hbjNkOwZ/jQv3J6R1/pL7RwgMsg==",
      "dev": true,
      "license": "MIT",
      "dependencies": {
        "call-bind": "^1.0.8",
        "call-bound": "^1.0.4",
        "isarray": "^2.0.5",
        "jsonify": "^0.0.1",
        "object-keys": "^1.1.1"
      },
      "engines": {
        "node": ">= 0.4"
      },
      "funding": {
        "url": "https://github.com/sponsors/ljharb"
      }
    },
    "node_modules/jsonify": {
      "version": "0.0.1",
      "resolved": "https://registry.npmjs.org/jsonify/-/jsonify-0.0.1.tgz",
      "integrity": "sha512-2/Ki0GcmuqSrgFyelQq9M05y7PS0mEwuIzrf3f1fPqkVDVRvZrPZtVSMHxdgo8Aq0sxAOb/cr2aqqA3LeWHVPg==",
      "dev": true,
      "license": "Public Domain",
      "funding": {
        "url": "https://github.com/sponsors/ljharb"
      }
    },
    "node_modules/kleur": {
      "version": "3.0.3",
      "resolved": "https://registry.npmjs.org/kleur/-/kleur-3.0.3.tgz",
      "integrity": "sha512-eTIzlVOSUR+JxdDFepEYcBMtZ9Qqdef+rnzWdRZuMbOywu5tO2w2N7rqjoANZ5k9vywhL6Br1VRjUIgTQx4E8w==",
      "dev": true,
      "license": "MIT",
      "engines": {
        "node": ">=6"
      }
    },
    "node_modules/math-intrinsics": {
      "version": "1.1.0",
      "resolved": "https://registry.npmjs.org/math-intrinsics/-/math-intrinsics-1.1.0.tgz",
      "integrity": "sha512-/IXtbwEk5HTPyEwyKX6hGkYXxM9nbj64B+ilVJnC/R6B0pH5G4V3b0pVbL7DBj4tkhBAppbQUlf6F6Xl9LHu1g==",
      "dev": true,
      "license": "MIT",
      "engines": {
        "node": ">= 0.4"
      }
    },
    "node_modules/object-keys": {
      "version": "1.1.1",
      "resolved": "https://registry.npmjs.org/object-keys/-/object-keys-1.1.1.tgz",
      "integrity": "sha512-NuAESUOUMrlIXOfHKzD6bpPu3tYt3xvjNdRIQ+FeT0lNb4K8WR70CaDxhuNguS2XG+GjkyMwOzsN5ZktImfhLA==",
      "dev": true,
      "license": "MIT",
      "engines": {
        "node": ">= 0.4"
      }
    },
    "node_modules/picocolors": {
      "version": "1.1.1",
      "resolved": "https://registry.npmjs.org/picocolors/-/picocolors-1.1.1.tgz",
      "integrity": "sha512-xceH2snhtb5M9liqDsmEw56le376mTZkEX/jEb/RxNFyegNul7eNslCXP9FDj/Lcu0X8KEyMceP2ntpaHrDEVA==",
      "dev": true,
      "license": "ISC"
    },
    "node_modules/prettier": {
      "version": "3.9.6",
      "resolved": "https://registry.npmjs.org/prettier/-/prettier-3.9.6.tgz",
      "integrity": "sha512-OpN0zzVdiaiAhxpuuj5efpIS4sY9j7bY6uR5mnj5yPzGkdkjNKSJeUThPb60Jw29QuAZgA4o+/iB49kFiaBX6g==",
      "dev": true,
      "license": "MIT",
      "bin": {
        "prettier": "bin/prettier.cjs"
      },
      "engines": {
        "node": ">=14"
      },
      "funding": {
        "url": "https://github.com/prettier/prettier?sponsor=1"
      }
    },
    "node_modules/prompts": {
      "version": "2.4.2",
      "resolved": "https://registry.npmjs.org/prompts/-/prompts-2.4.2.tgz",
      "integrity": "sha512-NxNv/kLguCA7p3jE8oL2aEBsrJWgAakBpgmgK6lpPWV+WuOmY6r2/zbAVnP+T8bQlA0nzHXSJSJW0Hq7ylaD2Q==",
      "dev": true,
      "license": "MIT",
      "dependencies": {
        "kleur": "^3.0.3",
        "sisteransi": "^1.0.5"
      },
      "engines": {
        "node": ">= 6"
      }
    },
    "node_modules/semver": {
      "version": "7.8.5",
      "resolved": "https://registry.npmjs.org/semver/-/semver-7.8.5.tgz",
      "integrity": "sha512-Y7/KDsb8LjooZpwaqGyulO6DQlksgCncchHGk+sZIY4SBvUocMBEFH5Ur1fI4dV+Jvl0w6cjvucaIi40puRioA==",
      "dev": true,
      "license": "ISC",
      "bin": {
        "semver": "bin/semver.js"
      },
      "engines": {
        "node": ">=10"
      }
    },
    "node_modules/set-function-length": {
      "version": "1.2.2",
      "resolved": "https://registry.npmjs.org/set-function-length/-/set-function-length-1.2.2.tgz",
      "integrity": "sha512-pgRc4hJ4/sNjWCSS9AmnS40x3bNMDTknHgL5UaMBTMyJnU90EgWh1Rz+MC9eFu4BuN/UwZjKQuY/1v3rM7HMfg==",
      "dev": true,
      "license": "MIT",
      "dependencies": {
        "define-data-property": "^1.1.4",
        "es-errors": "^1.3.0",
        "function-bind": "^1.1.2",
        "get-intrinsic": "^1.2.4",
        "gopd": "^1.0.1",
        "has-property-descriptors": "^1.0.2"
      },
      "engines": {
        "node": ">= 0.4"
      }
    },
    "node_modules/sisteransi": {
      "version": "1.0.5",
      "resolved": "https://registry.npmjs.org/sisteransi/-/sisteransi-1.0.5.tgz",
      "integrity": "sha512-bLGGlR1QxBcynn2d5YmDX4MGjlZvy2MRBDRNHLJ8VI6l6+9FUiyTFNJ0IveOSP0bcXgVDPRcfGqA0pjaqUpfVg==",
      "dev": true,
      "license": "MIT"
    }
  }
}
